
Microsoft Visual Studio Solution File, Format Version 12.00
# Visual Studio Version 17
VisualStudioVersion = 17.3.32901.215
MinimumVisualStudioVersion = 10.0.40219.1
Project("{FAE04EC0-301F-11D3-BF4B-00C04F79EFBC}") = "Student_Base", "Student_Base\Student_Base.csproj", "{FEA9CCA4-8DED-4966-B9FD-2DE892E49A5C}"
EndProject
Global
	GlobalSection(SolutionConfigurationPlatforms) = preSolution
		Debug|Any CPU = Debug|Any CPU
		Release|Any CPU = Release|Any CPU
	EndGlobalSection
	GlobalSection(ProjectConfigurationPlatforms) = postSolution
		{FEA9CCA4-8DED-4966-B9FD-2DE892E49A5C}.Debug|Any CPU.ActiveCfg = Debug|Any CPU
		{FEA9CCA4-8DED-4966-B9FD-2DE892E49A5C}.Debug|Any CPU.Build.0 = Debug|Any CPU
		{FEA9CCA4-8DED-4966-B9FD-2DE892E49A5C}.Release|Any CPU.ActiveCfg = Release|Any CPU
		{FEA9CCA4-8DED-4966-B9FD-2DE892E49A5C}.Release|Any CPU.Build.0 = Release|Any CPU
	EndGlobalSection
	GlobalSection(SolutionProperties) = preSolution
		HideSolutionNode = FALSE
	EndGlobalSection
	GlobalSection(ExtensibilityGlobals) = postSolution
		SolutionGuid = {61E2E2F5-6358-42C6-8C3D-F4993FB4153A}
	EndGlobalSection
EndGlobal
